
Microsoft Visual Studio Solution File, Format Version 12.00
# Visual Studio Version 17
VisualStudioVersion = 17.8.34511.84
MinimumVisualStudioVersion = 10.0.40219.1
Project("{FAE04EC0-301F-11D3-BF4B-00C04F79EFBC}") = "Workaround", "Workaround\Workaround.csproj", "{02A42304-A85C-4D5A-908E-13D77419A83E}"
EndProject
Project("{FAE04EC0-301F-11D3-BF4B-00C04F79EFBC}") = "Entities", "Entities\Entities.csproj", "{91D9394F-BD37-47EF-A22F-8B935621CB83}"
EndProject
Project("{FAE04EC0-301F-11D3-BF4B-00C04F79EFBC}") = "Business", "Business\Business.csproj", "{09DD05B8-0441-4947-9D9F-5BACC992171A}"
EndProject
Global
	GlobalSection(SolutionConfigurationPlatforms) = preSolution
		Debug|Any CPU = Debug|Any CPU
		Release|Any CPU = Release|Any CPU
	EndGlobalSection
	GlobalSection(ProjectConfigurationPlatforms) = postSolution
		{02A42304-A85C-4D5A-908E-13D77419A83E}.Debug|Any CPU.ActiveCfg = Debug|Any CPU
		{02A42304-A85C-4D5A-908E-13D77419A83E}.Debug|Any CPU.Build.0 = Debug|Any CPU
		{02A42304-A85C-4D5A-908E-13D77419A83E}.Release|Any CPU.ActiveCfg = Release|Any CPU
		{02A42304-A85C-4D5A-908E-13D77419A83E}.Release|Any CPU.Build.0 = Release|Any CPU
		{91D9394F-BD37-47EF-A22F-8B935621CB83}.Debug|Any CPU.ActiveCfg = Debug|Any CPU
		{91D9394F-BD37-47EF-A22F-8B935621CB83}.Debug|Any CPU.Build.0 = Debug|Any CPU
		{91D9394F-BD37-47EF-A22F-8B935621CB83}.Release|Any CPU.ActiveCfg = Release|Any CPU
		{91D9394F-BD37-47EF-A22F-8B935621CB83}.Release|Any CPU.Build.0 = Release|Any CPU
		{09DD05B8-0441-4947-9D9F-5BACC992171A}.Debug|Any CPU.ActiveCfg = Debug|Any CPU
		{09DD05B8-0441-4947-9D9F-5BACC992171A}.Debug|Any CPU.Build.0 = Debug|Any CPU
		{09DD05B8-0441-4947-9D9F-5BACC992171A}.Release|Any CPU.ActiveCfg = Release|Any CPU
		{09DD05B8-0441-4947-9D9F-5BACC992171A}.Release|Any CPU.Build.0 = Release|Any CPU
	EndGlobalSection
	GlobalSection(SolutionProperties) = preSolution
		HideSolutionNode = FALSE
	EndGlobalSection
	GlobalSection(ExtensibilityGlobals) = postSolution
		SolutionGuid = {39FF74C1-0FCE-4BD2-9BFA-26E8C491F0D5}
	EndGlobalSection
EndGlobal
